
Microsoft Visual Studio Solution File, Format Version 12.00
# Visual Studio Version 16
VisualStudioVersion = 16.0.29209.62
MinimumVisualStudioVersion = 10.0.40219.1
Project("{9A19103F-16F7-4668-BE54-9A1E7A4F7556}") = "ParseAirdna", "ParseAirdna\ParseAirdna.csproj", "{D78CF7CC-D12D-4D77-8F31-F15338335B39}"
EndProject
Project("{9A19103F-16F7-4668-BE54-9A1E7A4F7556}") = "WebScraperManager", "WebScrapeManager\WebScraperManager.csproj", "{D841B599-958E-49A3-B628-B5539B223188}"
EndProject
Project("{9A19103F-16F7-4668-BE54-9A1E7A4F7556}") = "ScraperCore", "ScraperCore\ScraperCore.csproj", "{8A36C13B-8400-40AF-A2B0-D6E03CAC9DAE}"
EndProject
Project("{9A19103F-16F7-4668-BE54-9A1E7A4F7556}") = "ScraperModels", "ScraperModels\ScraperModels.csproj", "{030D6E7A-93F3-40F0-BCB0-D15FA942F0C2}"
EndProject
Project("{9A19103F-16F7-4668-BE54-9A1E7A4F7556}") = "ScraperServices", "ScraperServices\ScraperServices.csproj", "{143DDEB2-503C-4926-9FDF-AA3F37DFF54B}"
EndProject
Project("{2150E333-8FDC-42A3-9474-1A3956D46DE8}") = "Tests", "Tests", "{D1A6866E-E9E9-49A9-9816-D0DD28561D08}"
EndProject
Project("{9A19103F-16F7-4668-BE54-9A1E7A4F7556}") = "TestOnmap", "ParseOnmap\TestOnmap.csproj", "{DEFB778A-72F6-4529-8A62-5F0107D4F0DE}"
EndProject
Project("{9A19103F-16F7-4668-BE54-9A1E7A4F7556}") = "TestYad2", "ParseYad2\TestYad2.csproj", "{379740CE-429A-478D-9970-86AA6A8E8B69}"
EndProject
Project("{9A19103F-16F7-4668-BE54-9A1E7A4F7556}") = "TestArchiveRepository", "TestArchiveRepository\TestArchiveRepository.csproj", "{5E620FA2-2AAF-49C1-8457-D140FE788810}"
EndProject
Project("{9A19103F-16F7-4668-BE54-9A1E7A4F7556}") = "Scheduler", "Scheduler\Scheduler.csproj", "{B2574578-A387-4182-8827-B8364650F92B}"
EndProject
Project("{9A19103F-16F7-4668-BE54-9A1E7A4F7556}") = "TestHomeLess", "ParseHomeLess\TestHomeLess.csproj", "{73EEC8A7-F399-4E6E-BA99-90BFE4E199D5}"
EndProject
Project("{9A19103F-16F7-4668-BE54-9A1E7A4F7556}") = "TestKomo", "ParseKomo\TestKomo.csproj", "{C0C8828B-C95D-448E-880F-9CA669E71733}"
EndProject
Project("{9A19103F-16F7-4668-BE54-9A1E7A4F7556}") = "TestWinWin", "ParseWinWin\TestWinWin.csproj", "{B6C665F6-5E44-4E49-83F5-EE1737FF5D37}"
EndProject
Project("{9A19103F-16F7-4668-BE54-9A1E7A4F7556}") = "ScraperRepositories", "ScraperRepositories\ScraperRepositories.csproj", "{E41A8F60-F1CE-44DC-9E37-5195B123FC00}"
EndProject
Project("{9A19103F-16F7-4668-BE54-9A1E7A4F7556}") = "ScraperDAL", "ScraperDAL\ScraperDAL.csproj", "{178330EC-9715-4549-9A7E-251B22A34A95}"
EndProject
Project("{9A19103F-16F7-4668-BE54-9A1E7A4F7556}") = "TestUpdateContext", "TestUpdateContext\TestUpdateContext.csproj", "{B2C32A0A-8E50-4DD8-A7EE-4A571F27A29F}"
EndProject
Project("{9A19103F-16F7-4668-BE54-9A1E7A4F7556}") = "Update", "Update\Update.csproj", "{6D1CF341-29D3-4EFA-917E-45E825BBE8AE}"
EndProject
Project("{9A19103F-16F7-4668-BE54-9A1E7A4F7556}") = "TestAirdna", "TestAirDna\TestAirdna.csproj", "{3D3B48D2-2DB3-4167-89F5-B692AD2D86AE}"
EndProject
Global
	GlobalSection(SolutionConfigurationPlatforms) = preSolution
		Debug|Any CPU = Debug|Any CPU
		Release|Any CPU = Release|Any CPU
	EndGlobalSection
	GlobalSection(ProjectConfigurationPlatforms) = postSolution
		{D78CF7CC-D12D-4D77-8F31-F15338335B39}.Debug|Any CPU.ActiveCfg = Debug|Any CPU
		{D78CF7CC-D12D-4D77-8F31-F15338335B39}.Debug|Any CPU.Build.0 = Debug|Any CPU
		{D78CF7CC-D12D-4D77-8F31-F15338335B39}.Release|Any CPU.ActiveCfg = Release|Any CPU
		{D78CF7CC-D12D-4D77-8F31-F15338335B39}.Release|Any CPU.Build.0 = Release|Any CPU
		{D841B599-958E-49A3-B628-B5539B223188}.Debug|Any CPU.ActiveCfg = Debug|Any CPU
		{D841B599-958E-49A3-B628-B5539B223188}.Debug|Any CPU.Build.0 = Debug|Any CPU
		{D841B599-958E-49A3-B628-B5539B223188}.Release|Any CPU.ActiveCfg = Release|Any CPU
		{D841B599-958E-49A3-B628-B5539B223188}.Release|Any CPU.Build.0 = Release|Any CPU
		{8A36C13B-8400-40AF-A2B0-D6E03CAC9DAE}.Debug|Any CPU.ActiveCfg = Debug|Any CPU
		{8A36C13B-8400-40AF-A2B0-D6E03CAC9DAE}.Debug|Any CPU.Build.0 = Debug|Any CPU
		{8A36C13B-8400-40AF-A2B0-D6E03CAC9DAE}.Release|Any CPU.ActiveCfg = Release|Any CPU
		{8A36C13B-8400-40AF-A2B0-D6E03CAC9DAE}.Release|Any CPU.Build.0 = Release|Any CPU
		{030D6E7A-93F3-40F0-BCB0-D15FA942F0C2}.Debug|Any CPU.ActiveCfg = Debug|Any CPU
		{030D6E7A-93F3-40F0-BCB0-D15FA942F0C2}.Debug|Any CPU.Build.0 = Debug|Any CPU
		{030D6E7A-93F3-40F0-BCB0-D15FA942F0C2}.Release|Any CPU.ActiveCfg = Release|Any CPU
		{030D6E7A-93F3-40F0-BCB0-D15FA942F0C2}.Release|Any CPU.Build.0 = Release|Any CPU
		{143DDEB2-503C-4926-9FDF-AA3F37DFF54B}.Debug|Any CPU.ActiveCfg = Debug|Any CPU
		{143DDEB2-503C-4926-9FDF-AA3F37DFF54B}.Debug|Any CPU.Build.0 = Debug|Any CPU
		{143DDEB2-503C-4926-9FDF-AA3F37DFF54B}.Release|Any CPU.ActiveCfg = Release|Any CPU
		{143DDEB2-503C-4926-9FDF-AA3F37DFF54B}.Release|Any CPU.Build.0 = Release|Any CPU
		{DEFB778A-72F6-4529-8A62-5F0107D4F0DE}.Debug|Any CPU.ActiveCfg = Debug|Any CPU
		{DEFB778A-72F6-4529-8A62-5F0107D4F0DE}.Debug|Any CPU.Build.0 = Debug|Any CPU
		{DEFB778A-72F6-4529-8A62-5F0107D4F0DE}.Release|Any CPU.ActiveCfg = Release|Any CPU
		{DEFB778A-72F6-4529-8A62-5F0107D4F0DE}.Release|Any CPU.Build.0 = Release|Any CPU
		{379740CE-429A-478D-9970-86AA6A8E8B69}.Debug|Any CPU.ActiveCfg = Debug|Any CPU
		{379740CE-429A-478D-9970-86AA6A8E8B69}.Debug|Any CPU.Build.0 = Debug|Any CPU
		{379740CE-429A-478D-9970-86AA6A8E8B69}.Release|Any CPU.ActiveCfg = Release|Any CPU
		{379740CE-429A-478D-9970-86AA6A8E8B69}.Release|Any CPU.Build.0 = Release|Any CPU
		{5E620FA2-2AAF-49C1-8457-D140FE788810}.Debug|Any CPU.ActiveCfg = Debug|Any CPU
		{5E620FA2-2AAF-49C1-8457-D140FE788810}.Debug|Any CPU.Build.0 = Debug|Any CPU
		{5E620FA2-2AAF-49C1-8457-D140FE788810}.Release|Any CPU.ActiveCfg = Release|Any CPU
		{5E620FA2-2AAF-49C1-8457-D140FE788810}.Release|Any CPU.Build.0 = Release|Any CPU
		{B2574578-A387-4182-8827-B8364650F92B}.Debug|Any CPU.ActiveCfg = Debug|Any CPU
		{B2574578-A387-4182-8827-B8364650F92B}.Debug|Any CPU.Build.0 = Debug|Any CPU
		{B2574578-A387-4182-8827-B8364650F92B}.Release|Any CPU.ActiveCfg = Release|Any CPU
		{B2574578-A387-4182-8827-B8364650F92B}.Release|Any CPU.Build.0 = Release|Any CPU
		{73EEC8A7-F399-4E6E-BA99-90BFE4E199D5}.Debug|Any CPU.ActiveCfg = Debug|Any CPU
		{73EEC8A7-F399-4E6E-BA99-90BFE4E199D5}.Debug|Any CPU.Build.0 = Debug|Any CPU
		{73EEC8A7-F399-4E6E-BA99-90BFE4E199D5}.Release|Any CPU.ActiveCfg = Release|Any CPU
		{73EEC8A7-F399-4E6E-BA99-90BFE4E199D5}.Release|Any CPU.Build.0 = Release|Any CPU
		{C0C8828B-C95D-448E-880F-9CA669E71733}.Debug|Any CPU.ActiveCfg = Debug|Any CPU
		{C0C8828B-C95D-448E-880F-9CA669E71733}.Debug|Any CPU.Build.0 = Debug|Any CPU
		{C0C8828B-C95D-448E-880F-9CA669E71733}.Release|Any CPU.ActiveCfg = Release|Any CPU
		{C0C8828B-C95D-448E-880F-9CA669E71733}.Release|Any CPU.Build.0 = Release|Any CPU
		{B6C665F6-5E44-4E49-83F5-EE1737FF5D37}.Debug|Any CPU.ActiveCfg = Debug|Any CPU
		{B6C665F6-5E44-4E49-83F5-EE1737FF5D37}.Debug|Any CPU.Build.0 = Debug|Any CPU
		{B6C665F6-5E44-4E49-83F5-EE1737FF5D37}.Release|Any CPU.ActiveCfg = Release|Any CPU
		{B6C665F6-5E44-4E49-83F5-EE1737FF5D37}.Release|Any CPU.Build.0 = Release|Any CPU
		{E41A8F60-F1CE-44DC-9E37-5195B123FC00}.Debug|Any CPU.ActiveCfg = Debug|Any CPU
		{E41A8F60-F1CE-44DC-9E37-5195B123FC00}.Debug|Any CPU.Build.0 = Debug|Any CPU
		{E41A8F60-F1CE-44DC-9E37-5195B123FC00}.Release|Any CPU.ActiveCfg = Release|Any CPU
		{E41A8F60-F1CE-44DC-9E37-5195B123FC00}.Release|Any CPU.Build.0 = Release|Any CPU
		{178330EC-9715-4549-9A7E-251B22A34A95}.Debug|Any CPU.ActiveCfg = Debug|Any CPU
		{178330EC-9715-4549-9A7E-251B22A34A95}.Debug|Any CPU.Build.0 = Debug|Any CPU
		{178330EC-9715-4549-9A7E-251B22A34A95}.Release|Any CPU.ActiveCfg = Release|Any CPU
		{178330EC-9715-4549-9A7E-251B22A34A95}.Release|Any CPU.Build.0 = Release|Any CPU
		{B2C32A0A-8E50-4DD8-A7EE-4A571F27A29F}.Debug|Any CPU.ActiveCfg = Debug|Any CPU
		{B2C32A0A-8E50-4DD8-A7EE-4A571F27A29F}.Debug|Any CPU.Build.0 = Debug|Any CPU
		{B2C32A0A-8E50-4DD8-A7EE-4A571F27A29F}.Release|Any CPU.ActiveCfg = Release|Any CPU
		{B2C32A0A-8E50-4DD8-A7EE-4A571F27A29F}.Release|Any CPU.Build.0 = Release|Any CPU
		{6D1CF341-29D3-4EFA-917E-45E825BBE8AE}.Debug|Any CPU.ActiveCfg = Debug|Any CPU
		{6D1CF341-29D3-4EFA-917E-45E825BBE8AE}.Debug|Any CPU.Build.0 = Debug|Any CPU
		{6D1CF341-29D3-4EFA-917E-45E825BBE8AE}.Release|Any CPU.ActiveCfg = Release|Any CPU
		{6D1CF341-29D3-4EFA-917E-45E825BBE8AE}.Release|Any CPU.Build.0 = Release|Any CPU
		{3D3B48D2-2DB3-4167-89F5-B692AD2D86AE}.Debug|Any CPU.ActiveCfg = Debug|Any CPU
		{3D3B48D2-2DB3-4167-89F5-B692AD2D86AE}.Debug|Any CPU.Build.0 = Debug|Any CPU
		{3D3B48D2-2DB3-4167-89F5-B692AD2D86AE}.Release|Any CPU.ActiveCfg = Release|Any CPU
		{3D3B48D2-2DB3-4167-89F5-B692AD2D86AE}.Release|Any CPU.Build.0 = Release|Any CPU
	EndGlobalSection
	GlobalSection(SolutionProperties) = preSolution
		HideSolutionNode = FALSE
	EndGlobalSection
	GlobalSection(NestedProjects) = preSolution
		{D78CF7CC-D12D-4D77-8F31-F15338335B39} = {D1A6866E-E9E9-49A9-9816-D0DD28561D08}
		{DEFB778A-72F6-4529-8A62-5F0107D4F0DE} = {D1A6866E-E9E9-49A9-9816-D0DD28561D08}
		{379740CE-429A-478D-9970-86AA6A8E8B69} = {D1A6866E-E9E9-49A9-9816-D0DD28561D08}
		{5E620FA2-2AAF-49C1-8457-D140FE788810} = {D1A6866E-E9E9-49A9-9816-D0DD28561D08}
		{73EEC8A7-F399-4E6E-BA99-90BFE4E199D5} = {D1A6866E-E9E9-49A9-9816-D0DD28561D08}
		{C0C8828B-C95D-448E-880F-9CA669E71733} = {D1A6866E-E9E9-49A9-9816-D0DD28561D08}
		{B6C665F6-5E44-4E49-83F5-EE1737FF5D37} = {D1A6866E-E9E9-49A9-9816-D0DD28561D08}
		{B2C32A0A-8E50-4DD8-A7EE-4A571F27A29F} = {D1A6866E-E9E9-49A9-9816-D0DD28561D08}
		{3D3B48D2-2DB3-4167-89F5-B692AD2D86AE} = {D1A6866E-E9E9-49A9-9816-D0DD28561D08}
	EndGlobalSection
	GlobalSection(ExtensibilityGlobals) = postSolution
		SolutionGuid = {30170B88-BBD4-406D-BA30-CDD5DEF7450D}
	EndGlobalSection
EndGlobal
